// !$*UTF8*$!
{
	archiveVersion = 1;
	classes = {
	};
	objectVersion = 48;
	objects = {

/* Begin PBXBuildFile section */
		0B05EE7A1F4C77BC00E6F8F4 /* Car-Scene.scn in Resources */ = {isa = PBXBuildFile; fileRef = 0B05EE791F4C77BC00E6F8F4 /* Car-Scene.scn */; };
		0B3D2DC61F439E2D002D7D1C /* AppDelegate.swift in Sources */ = {isa = PBXBuildFile; fileRef = 0B3D2DC51F439E2D002D7D1C /* AppDelegate.swift */; };
		0B3D2DC81F439E2D002D7D1C /* ViewController.swift in Sources */ = {isa = PBXBuildFile; fileRef = 0B3D2DC71F439E2D002D7D1C /* ViewController.swift */; };
		0B3D2DCB1F439E2D002D7D1C /* Main.storyboard in Resources */ = {isa = PBXBuildFile; fileRef = 0B3D2DC91F439E2D002D7D1C /* Main.storyboard */; };
		0B3D2DCD1F439E2D002D7D1C /* Assets.xcassets in Resources */ = {isa = PBXBuildFile; fileRef = 0B3D2DCC1F439E2D002D7D1C /* Assets.xcassets */; };
		0B3D2DD01F439E2D002D7D1C /* LaunchScreen.storyboard in Resources */ = {isa = PBXBuildFile; fileRef = 0B3D2DCE1F439E2D002D7D1C /* LaunchScreen.storyboard */; };
/* End PBXBuildFile section */

/* Begin PBXFileReference section */
		0B05EE791F4C77BC00E6F8F4 /* Car-Scene.scn */ = {isa = PBXFileReference; lastKnownFileType = file.bplist; path = "Car-Scene.scn"; sourceTree = "<group>"; };
		0B3D2DC21F439E2D002D7D1C /* Vehicle.app */ = {isa = PBXFileReference; explicitFileType = wrapper.application; includeInIndex = 0; path = Vehicle.app; sourceTree = BUILT_PRODUCTS_DIR; };
		0B3D2DC51F439E2D002D7D1C /* AppDelegate.swift */ = {isa = PBXFileReference; lastKnownFileType = sourcecode.swift; path = AppDelegate.swift; sourceTree = "<group>"; };
		0B3D2DC71F439E2D002D7D1C /* ViewController.swift */ = {isa = PBXFileReference; lastKnownFileType = sourcecode.swift; path = ViewController.swift; sourceTree = "<group>"; };
		0B3D2DCA1F439E2D002D7D1C /* Base */ = {isa = PBXFileReference; lastKnownFileType = file.storyboard; name = Base; path = Base.lproj/Main.storyboard; sourceTree = "<group>"; };
		0B3D2DCC1F439E2D002D7D1C /* Assets.xcassets */ = {isa = PBXFileReference; lastKnownFileType = folder.assetcatalog; path = Assets.xcassets; sourceTree = "<group>"; };
		0B3D2DCF1F439E2D002D7D1C /* Base */ = {isa = PBXFileReference; lastKnownFileType = file.storyboard; name = Base; path = Base.lproj/LaunchScreen.storyboard; sourceTree = "<group>"; };
		0B3D2DD11F439E2D002D7D1C /* Info.plist */ = {isa = PBXFileReference; lastKnownFileType = text.plist.xml; path = Info.plist; sourceTree = "<group>"; };
/* End PBXFileReference section */

/* Begin PBXFrameworksBuildPhase section */
		0B3D2DBF1F439E2D002D7D1C /* Frameworks */ = {
			isa = PBXFrameworksBuildPhase;
			buildActionMask = 2147483647;
			files = (
			);
			runOnlyForDeploymentPostprocessing = 0;
		};
/* End PBXFrameworksBuildPhase section */

/* Begin PBXGroup section */
		0B3D2DB91F439E2D002D7D1C = {
			isa = PBXGroup;
			children = (
				0B3D2DC41F439E2D002D7D1C /* Vehicle */,
				0B3D2DC31F439E2D002D7D1C /* Products */,
			);
			sourceTree = "<group>";
		};
		0B3D2DC31F439E2D002D7D1C /* Products */ = {
			isa = PBXGroup;
			children = (
				0B3D2DC21F439E2D002D7D1C /* Vehicle.app */,
			);
			name = Products;
			sourceTree = "<group>";
		};
		0B3D2DC41F439E2D002D7D1C /* Vehicle */ = {
			isa = PBXGroup;
			children = (
				0B3D2DC51F439E2D002D7D1C /* AppDelegate.swift */,
				0B3D2DC71F439E2D002D7D1C /* ViewController.swift */,
				0B3D2DC91F439E2D002D7D1C /* Main.storyboard */,
				0B3D2DCC1F439E2D002D7D1C /* Assets.xcassets */,
				0B3D2DCE1F439E2D002D7D1C /* LaunchScreen.storyboard */,
				0B3D2DD11F439E2D002D7D1C /* Info.plist */,
				0B05EE791F4C77BC00E6F8F4 /* Car-Scene.scn */,
			);
			path = Vehicle;
			sourceTree = "<group>";
		};
/* End PBXGroup section */

/* Begin PBXNativeTarget section */
		0B3D2DC11F439E2D002D7D1C /* Vehicle */ = {
			isa = PBXNativeTarget;
			buildConfigurationList = 0B3D2DD41F439E2D002D7D1C /* Build configuration list for PBXNativeTarget "Vehicle" */;
			buildPhases = (
				0B3D2DBE1F439E2D002D7D1C /* Sources */,
				0B3D2DBF1F439E2D002D7D1C /* Frameworks */,
				0B3D2DC01F439E2D002D7D1C /* Resources */,
			);
			buildRules = (
			);
			dependencies = (
			);
			name = Vehicle;
			productName = "Floor is lava";
			productReference = 0B3D2DC21F439E2D002D7D1C /* Vehicle.app */;
			productType = "com.apple.product-type.application";
		};
/* End PBXNativeTarget section */

/* Begin PBXProject section */
		0B3D2DBA1F439E2D002D7D1C /* Project object */ = {
			isa = PBXProject;
			attributes = {
				LastSwiftUpdateCheck = 0900;
				LastUpgradeCheck = 0900;
				ORGANIZATIONNAME = "Rayan Slim";
				TargetAttributes = {
					0B3D2DC11F439E2D002D7D1C = {
						CreatedOnToolsVersion = 9.0;
						ProvisioningStyle = Automatic;
					};
				};
			};
			buildConfigurationList = 0B3D2DBD1F439E2D002D7D1C /* Build configuration list for PBXProject "Vehicle" */;
			compatibilityVersion = "Xcode 8.0";
			developmentRegion = en;
			hasScannedForEncodings = 0;
			knownRegions = (
				en,
				Base,
			);
			mainGroup = 0B3D2DB91F439E2D002D7D1C;
			productRefGroup = 0B3D2DC31F439E2D002D7D1C /* Products */;
			projectDirPath = "";
			projectRoot = "";
			targets = (
				0B3D2DC11F439E2D002D7D1C /* Vehicle */,
			);
		};
/* End PBXProject section */

/* Begin PBXResourcesBuildPhase section */
		0B3D2DC01F439E2D002D7D1C /* Resources */ = {
			isa = PBXResourcesBuildPhase;
			buildActionMask = 2147483647;
			files = (
				0B05EE7A1F4C77BC00E6F8F4 /* Car-Scene.scn in Resources */,
				0B3D2DD01F439E2D002D7D1C /* LaunchScreen.storyboard in Resources */,
				0B3D2DCD1F439E2D002D7D1C /* Assets.xcassets in Resources */,
				0B3D2DCB1F439E2D002D7D1C /* Main.storyboard in Resources */,
			);
			runOnlyForDeploymentPostprocessing = 0;
		};
/* End PBXResourcesBuildPhase section */

/* Begin PBXSourcesBuildPhase section */
		0B3D2DBE1F439E2D002D7D1C /* Sources */ = {
			isa = PBXSourcesBuildPhase;
			buildActionMask = 2147483647;
			files = (
				0B3D2DC81F439E2D002D7D1C /* ViewController.swift in Sources */,
				0B3D2DC61F439E2D002D7D1C /* AppDelegate.swift in Sources */,
			);
			runOnlyForDeploymentPostprocessing = 0;
		};
/* End PBXSourcesBuildPhase section */

/* Begin PBXVariantGroup section */
		0B3D2DC91F439E2D002D7D1C /* Main.storyboard */ = {
			isa = PBXVariantGroup;
			children = (
				0B3D2DCA1F439E2D002D7D1C /* Base */,
			);
			name = Main.storyboard;
			sourceTree = "<group>";
		};
		0B3D2DCE1F439E2D002D7D1C /* LaunchScreen.storyboard */ = {
			isa = PBXVariantGroup;
			children = (
				0B3D2DCF1F439E2D002D7D1C /* Base */,
			);
			name = LaunchScreen.storyboard;
			sourceTree = "<group>";
		};
/* End PBXVariantGroup section */

/* Begin XCBuildConfiguration section */
		0B3D2DD21F439E2D002D7D1C /* Debug */ = {
			isa = XCBuildConfiguration;
			buildSettings = {
				ALWAYS_SEARCH_USER_PATHS = NO;
				CLANG_ANALYZER_NONNULL = YES;
				CLANG_ANALYZER_NUMBER_OBJECT_CONVERSION = YES_AGGRESSIVE;
				CLANG_CXX_LANGUAGE_STANDARD = "gnu++14";
				CLANG_CXX_LIBRARY = "libc++";
				CLANG_ENABLE_MODULES = YES;
				CLANG_ENABLE_OBJC_ARC = YES;
				CLANG_WARN_BLOCK_CAPTURE_AUTORELEASING = YES;
				CLANG_WARN_BOOL_CONVERSION = YES;
				CLANG_WARN_COMMA = YES;
				CLANG_WARN_CONSTANT_CONVERSION = YES;
				CLANG_WARN_DIRECT_OBJC_ISA_USAGE = YES_ERROR;
				CLANG_WARN_DOCUMENTATION_COMMENTS = YES;
				CLANG_WARN_EMPTY_BODY = YES;
				CLANG_WARN_ENUM_CONVERSION = YES;
				CLANG_WARN_INFINITE_RECURSION = YES;
				CLANG_WARN_INT_CONVERSION = YES;
				CLANG_WARN_NON_LITERAL_NULL_CONVERSION = YES;
				CLANG_WARN_OBJC_LITERAL_CONVERSION = YES;
				CLANG_WARN_OBJC_ROOT_CLASS = YES_ERROR;
				CLANG_WARN_RANGE_LOOP_ANALYSIS = YES;
				CLANG_WARN_STRICT_PROTOTYPES = YES;
				CLANG_WARN_SUSPICIOUS_MOVE = YES;
				CLANG_WARN_UNGUARDED_AVAILABILITY = YES_AGGRESSIVE;
				CLANG_WARN_UNREACHABLE_CODE = YES;
				CLANG_WARN__DUPLICATE_METHOD_MATCH = YES;
				CODE_SIGN_IDENTITY = "iPhone Developer";
				COPY_PHASE_STRIP = NO;
				DEBUG_INFORMATION_FORMAT = dwarf;
				ENABLE_STRICT_OBJC_MSGSEND = YES;
				ENABLE_TESTABILITY = YES;
				GCC_C_LANGUAGE_STANDARD = gnu11;
				GCC_DYNAMIC_NO_PIC = NO;
				GCC_NO_COMMON_BLOCKS = YES;
				GCC_OPTIMIZATION_LEVEL = 0;
				GCC_PREPROCESSOR_DEFINITIONS = (
					"DEBUG=1",
					"$(inherited)",
				);
				GCC_WARN_64_TO_32_BIT_CONVERSION = YES;
				GCC_WARN_ABOUT_RETURN_TYPE = YES_ERROR;
				GCC_WARN_UNDECLARED_SELECTOR = YES;
				GCC_WARN_UNINITIALIZED_AUTOS = YES_AGGRESSIVE;
				GCC_WARN_UNUSED_FUNCTION = YES;
				GCC_WARN_UNUSED_VARIABLE = YES;
				IPHONEOS_DEPLOYMENT_TARGET = 11.0;
				MTL_ENABLE_DEBUG_INFO = YES;
				ONLY_ACTIVE_ARCH = YES;
				SDKROOT = iphoneos;
				SWIFT_ACTIVE_COMPILATION_CONDITIONS = DEBUG;
				SWIFT_OPTIMIZATION_LEVEL = "-Onone";
			};
			name = Debug;
		};
		0B3D2DD31F439E2D002D7D1C /* Release */ = {
			isa = XCBuildConfiguration;
			buildSettings = {
				ALWAYS_SEARCH_USER_PATHS = NO;
				CLANG_ANALYZER_NONNULL = YES;
				CLANG_ANALYZER_NUMBER_OBJECT_CONVERSION = YES_AGGRESSIVE;
				CLANG_CXX_LANGUAGE_STANDARD = "gnu++14";
				CLANG_CXX_LIBRARY = "libc++";
				CLANG_ENABLE_MODULES = YES;
				CLANG_ENABLE_OBJC_ARC = YES;
				CLANG_WARN_BLOCK_CAPTURE_AUTORELEASING = YES;
				CLANG_WARN_BOOL_CONVERSION = YES;
				CLANG_WARN_COMMA = YES;
				CLANG_WARN_CONSTANT_CONVERSION = YES;
				CLANG_WARN_DIRECT_OBJC_ISA_USAGE = YES_ERROR;
				CLANG_WARN_DOCUMENTATION_COMMENTS = YES;
				CLANG_WARN_EMPTY_BODY = YES;
				CLANG_WARN_ENUM_CONVERSION = YES;
				CLANG_WARN_INFINITE_RECURSION = YES;
				CLANG_WARN_INT_CONVERSION = YES;
				CLANG_WARN_NON_LITERAL_NULL_CONVERSION = YES;
				CLANG_WARN_OBJC_LITERAL_CONVERSION = YES;
				CLANG_WARN_OBJC_ROOT_CLASS = YES_ERROR;
				CLANG_WARN_RANGE_LOOP_ANALYSIS = YES;
				CLANG_WARN_STRICT_PROTOTYPES = YES;
				CLANG_WARN_SUSPICIOUS_MOVE = YES;
				CLANG_WARN_UNGUARDED_AVAILABILITY = YES_AGGRESSIVE;
				CLANG_WARN_UNREACHABLE_CODE = YES;
				CLANG_WARN__DUPLICATE_METHOD_MATCH = YES;
				CODE_SIGN_IDENTITY = "iPhone Developer";
				COPY_PHASE_STRIP = NO;
				DEBUG_INFORMATION_FORMAT = "dwarf-with-dsym";
				ENABLE_NS_ASSERTIONS = NO;
				ENABLE_STRICT_OBJC_MSGSEND = YES;
				GCC_C_LANGUAGE_STANDARD = gnu11;
				GCC_NO_COMMON_BLOCKS = YES;
				GCC_WARN_64_TO_32_BIT_CONVERSION = YES;
				GCC_WARN_ABOUT_RETURN_TYPE = YES_ERROR;
				GCC_WARN_UNDECLARED_SELECTOR = YES;
				GCC_WARN_UNINITIALIZED_AUTOS = YES_AGGRESSIVE;
				GCC_WARN_UNUSED_FUNCTION = YES;
				GCC_WARN_UNUSED_VARIABLE = YES;
				IPHONEOS_DEPLOYMENT_TARGET = 11.0;
				MTL_ENABLE_DEBUG_INFO = NO;
				SDKROOT = iphoneos;
				SWIFT_OPTIMIZATION_LEVEL = "-Owholemodule";
				VALIDATE_PRODUCT = YES;
			};
			name = Release;
		};
		0B3D2DD51F439E2D002D7D1C /* Debug */ = {
			isa = XCBuildConfiguration;
			buildSettings = {
				ASSETCATALOG_COMPILER_APPICON_NAME = AppIcon;
				"CODE_SIGN_IDENTITY[sdk=iphoneos*]" = "iPhone Developer";
				CODE_SIGN_STYLE = Automatic;
				DEVELOPMENT_TEAM = Q3TBY53XUC;
				INFOPLIST_FILE = "$(SRCROOT)/Vehicle/Info.plist";
				LD_RUNPATH_SEARCH_PATHS = "$(inherited) @executable_path/Frameworks";
				PRODUCT_BUNDLE_IDENTIFIER = com.han.Vehicle;
				PRODUCT_NAME = "$(TARGET_NAME)";
				PROVISIONING_PROFILE_SPECIFIER = "";
				SWIFT_VERSION = 4.0;
				TARGETED_DEVICE_FAMILY = "1,2";
			};
			name = Debug;
		};
		0B3D2DD61F439E2D002D7D1C /* Release */ = {
			isa = XCBuildConfiguration;
			buildSettings = {
				ASSETCATALOG_COMPILER_APPICON_NAME = AppIcon;
				"CODE_SIGN_IDENTITY[sdk=iphoneos*]" = "iPhone Developer";
				CODE_SIGN_STYLE = Automatic;
				DEVELOPMENT_TEAM = Q3TBY53XUC;
				INFOPLIST_FILE = "$(SRCROOT)/Vehicle/Info.plist";
				LD_RUNPATH_SEARCH_PATHS = "$(inherited) @executable_path/Frameworks";
				PRODUCT_BUNDLE_IDENTIFIER = com.han.Vehicle;
				PRODUCT_NAME = "$(TARGET_NAME)";
				PROVISIONING_PROFILE_SPECIFIER = "";
				SWIFT_VERSION = 4.0;
				TARGETED_DEVICE_FAMILY = "1,2";
			};
			name = Release;
		};
/* End XCBuildConfiguration section */

/* Begin XCConfigurationList section */
		0B3D2DBD1F439E2D002D7D1C /* Build configuration list for PBXProject "Vehicle" */ = {
			isa = XCConfigurationList;
			buildConfigurations = (
				0B3D2DD21F439E2D002D7D1C /* Debug */,
				0B3D2DD31F439E2D002D7D1C /* Release */,
			);
			defaultConfigurationIsVisible = 0;
			defaultConfigurationName = Release;
		};
		0B3D2DD41F439E2D002D7D1C /* Build configuration list for PBXNativeTarget "Vehicle" */ = {
			isa = XCConfigurationList;
			buildConfigurations = (
				0B3D2DD51F439E2D002D7D1C /* Debug */,
				0B3D2DD61F439E2D002D7D1C /* Release */,
			);
			defaultConfigurationIsVisible = 0;
			defaultConfigurationName = Release;
		};
/* End XCConfigurationList section */
	};
	rootObject = 0B3D2DBA1F439E2D002D7D1C /* Project object */;
}
